
Microsoft Visual Studio Solution File, Format Version 12.00
# Visual Studio Version 16
VisualStudioVersion = 16.0.31129.286
MinimumVisualStudioVersion = 10.0.40219.1
Project("{9A19103F-16F7-4668-BE54-9A1E7A4F7556}") = "ToDoListApp", "ToDoListApp.csproj", "{87D5C34A-262A-450D-9447-91F945CC1B9D}"
EndProject
Project("{FAE04EC0-301F-11D3-BF4B-00C04F79EFBC}") = "ToDoListApp.Tests", "..\ToDoListApp.Tests\ToDoListApp.Tests.csproj", "{7620D96A-DADC-40A7-BD8B-14D5C8A4CEF0}"
EndProject
Global
	GlobalSection(SolutionConfigurationPlatforms) = preSolution
		Debug|Any CPU = Debug|Any CPU
		Release|Any CPU = Release|Any CPU
	EndGlobalSection
	GlobalSection(ProjectConfigurationPlatforms) = postSolution
		{87D5C34A-262A-450D-9447-91F945CC1B9D}.Debug|Any CPU.ActiveCfg = Debug|Any CPU
		{87D5C34A-262A-450D-9447-91F945CC1B9D}.Debug|Any CPU.Build.0 = Debug|Any CPU
		{87D5C34A-262A-450D-9447-91F945CC1B9D}.Release|Any CPU.ActiveCfg = Release|Any CPU
		{87D5C34A-262A-450D-9447-91F945CC1B9D}.Release|Any CPU.Build.0 = Release|Any CPU
		{7620D96A-DADC-40A7-BD8B-14D5C8A4CEF0}.Debug|Any CPU.ActiveCfg = Debug|Any CPU
		{7620D96A-DADC-40A7-BD8B-14D5C8A4CEF0}.Debug|Any CPU.Build.0 = Debug|Any CPU
		{7620D96A-DADC-40A7-BD8B-14D5C8A4CEF0}.Release|Any CPU.ActiveCfg = Release|Any CPU
		{7620D96A-DADC-40A7-BD8B-14D5C8A4CEF0}.Release|Any CPU.Build.0 = Release|Any CPU
	EndGlobalSection
	GlobalSection(SolutionProperties) = preSolution
		HideSolutionNode = FALSE
	EndGlobalSection
	GlobalSection(ExtensibilityGlobals) = postSolution
		SolutionGuid = {23CB5CFC-A733-40A6-B90F-2B068E6540BE}
	EndGlobalSection
EndGlobal
